{
  "name": "spfx_logger",
  "version": "1.0.0",
  "lockfileVersion": 1,
  "requires": true,
  "dependencies": {
    "@microsoft/microsoft-graph-types": {
      "version": "1.1.0",
      "resolved": "https://registry.npmjs.org/@microsoft/microsoft-graph-types/-/microsoft-graph-types-1.1.0.tgz",
      "integrity": "sha1-CGRuRpJHpBRMcVFhoQgTh63nzTs="
    },
    "@microsoft/sp-polyfills": {
      "version": "1.9.1",
      "resolved": "https://registry.npmjs.org/@microsoft/sp-polyfills/-/sp-polyfills-1.9.1.tgz",
      "integrity": "sha512-SnMa/afIKvHnHIEkokM6MO0EGqmKBWs+7L2KRumkwUCtfFOue5fDL+FDfoDMMt+EN9nVbVXuEwn6ZJhgizhPrA==",
      "requires": {
        "@types/webpack-env": "1.13.1",
        "es6-collections": "0.5.6",
        "es6-promise": "4.1.1",
        "tslib": "1.9.3",
        "whatwg-fetch": "2.0.3",
        "whatwg-url": "4.7.1"
      }
    },
    "@types/microsoft-ajax": {
      "version": "0.0.33",
      "resolved": "https://registry.npmjs.org/@types/microsoft-ajax/-/microsoft-ajax-0.0.33.tgz",
      "integrity": "sha512-R31YIw2FUZsx62yzH1LX9+SV0xCxRn+r6FpYhaEKHAms+3zozMYZZvsJO+I3za+wlE/z03PrePGgCO1rxv7dUg=="
    },
    "@types/sharepoint": {
      "version": "2013.1.9",
      "resolved": "https://registry.npmjs.org/@types/sharepoint/-/sharepoint-2013.1.9.tgz",
      "integrity": "sha512-OP3D/vKnOnZcRwTu2jdt7gp8AGDKx3jFoBHudR7UUX4IIwDqOPEJdkfvIpz/KiQbbbyvWS0PtvDz3iQ1HH/rcw==",
      "requires": {
        "@types/microsoft-ajax": "0.0.33"
      }
    },
    "@types/webpack-env": {
      "version": "1.13.1",
      "resolved": "https://registry.npmjs.org/@types/webpack-env/-/webpack-env-1.13.1.tgz",
      "integrity": "sha512-oHyg0NssP2RCpCvE35hhbSqMJRsc5lSW+GFe+Vc65JL+kHII1VMYM+0KeV/z4utFuUqPoQRmq8KMMp7ba0dj6Q=="
    },
    "babel-polyfill": {
      "version": "6.26.0",
      "resolved": "https://registry.npmjs.org/babel-polyfill/-/babel-polyfill-6.26.0.tgz",
      "integrity": "sha1-N5k3q8Z9eJWXCtxiHyhM2WbPIVM=",
      "requires": {
        "babel-runtime": "6.26.0",
        "core-js": "2.6.9",
        "regenerator-runtime": "0.10.5"
      }
    },
    "babel-runtime": {
      "version": "6.26.0",
      "resolved": "https://registry.npmjs.org/babel-runtime/-/babel-runtime-6.26.0.tgz",
      "integrity": "sha1-llxwWGaOgrVde/4E/yM3vItWR/4=",
      "requires": {
        "core-js": "2.6.9",
        "regenerator-runtime": "0.11.1"
      },
      "dependencies": {
        "regenerator-runtime": {
          "version": "0.11.1",
          "resolved": "https://registry.npmjs.org/regenerator-runtime/-/regenerator-runtime-0.11.1.tgz",
          "integrity": "sha512-MguG95oij0fC3QV3URf4V2SDYGJhJnJGqvIIgdECeODCT98wSWDAJ94SSuVpYQUoTcGUIL6L4yNB7j1DFFHSBg=="
        }
      }
    },
    "core-js": {
      "version": "2.6.9",
      "resolved": "https://registry.npmjs.org/core-js/-/core-js-2.6.9.tgz",
      "integrity": "sha512-HOpZf6eXmnl7la+cUdMnLvUxKNqLUzJvgIziQ0DiF3JwSImNphIqdGqzj6hIKyX04MmV0poclQ7+wjWvxQyR2A=="
    },
    "es6-collections": {
      "version": "0.5.6",
      "resolved": "https://registry.npmjs.org/es6-collections/-/es6-collections-0.5.6.tgz",
      "integrity": "sha1-VVLoAK0SwYIM2ivUp5rn27A9iaI="
    },
    "es6-promise": {
      "version": "4.1.1",
      "resolved": "https://registry.npmjs.org/es6-promise/-/es6-promise-4.1.1.tgz",
      "integrity": "sha512-OaU1hHjgJf+b0NzsxCg7NdIYERD6Hy/PEmFLTjw+b65scuisG3Kt4QoTvJ66BBkPZ581gr0kpoVzKnxniM8nng=="
    },
    "polyfill-array-includes": {
      "version": "2.0.0",
      "resolved": "https://registry.npmjs.org/polyfill-array-includes/-/polyfill-array-includes-2.0.0.tgz",
      "integrity": "sha512-HTrB0xYCN3TgOQvk5Tc7ehhl0vC73DARlhNMIDF8xCdPwPOELAYEZkgqJp0vbUGnM3FvcaXgxrwLw+bzKepI2A=="
    },
    "regenerator-runtime": {
      "version": "0.10.5",
      "resolved": "https://registry.npmjs.org/regenerator-runtime/-/regenerator-runtime-0.10.5.tgz",
      "integrity": "sha1-M2w+/BIgrc7dosn6tntaeVWjNlg="
    },
    "sp-pnp-js": {
      "version": "3.0.10",
      "resolved": "https://registry.npmjs.org/sp-pnp-js/-/sp-pnp-js-3.0.10.tgz",
      "integrity": "sha1-Rm180DEgkNbEXTH20azoAgW9QjA=",
      "requires": {
        "@microsoft/microsoft-graph-types": "1.1.0",
        "@types/sharepoint": "2013.1.9"
      }
    },
    "tr46": {
      "version": "0.0.3",
      "resolved": "https://registry.npmjs.org/tr46/-/tr46-0.0.3.tgz",
      "integrity": "sha1-gYT9NH2snNwYWZLzpmIuFLnZq2o="
    },
    "tslib": {
      "version": "1.9.3",
      "resolved": "https://registry.npmjs.org/tslib/-/tslib-1.9.3.tgz",
      "integrity": "sha512-4krF8scpejhaOgqzBEcGM7yDIEfi0/8+8zDRZhNZZ2kjmHJ4hv3zCbQWxoJGz1iw5U0Jl0nma13xzHXcncMavQ=="
    },
    "typescript": {
      "version": "2.9.2",
      "resolved": "https://registry.npmjs.org/typescript/-/typescript-2.9.2.tgz",
      "integrity": "sha512-Gr4p6nFNaoufRIY4NMdpQRNmgxVIGMs4Fcu/ujdYk3nAZqk7supzBE9idmvfZIlH/Cuj//dvi+019qEue9lV0w==",
      "dev": true
    },
    "webidl-conversions": {
      "version": "3.0.1",
      "resolved": "https://registry.npmjs.org/webidl-conversions/-/webidl-conversions-3.0.1.tgz",
      "integrity": "sha1-JFNCdeKnvGvnvIZhHMFq4KVlSHE="
    },
    "whatwg-fetch": {
      "version": "2.0.3",
      "resolved": "https://registry.npmjs.org/whatwg-fetch/-/whatwg-fetch-2.0.3.tgz",
      "integrity": "sha1-nITsLc9oGH/wC8ZOEnS0QhduHIQ="
    },
    "whatwg-url": {
      "version": "4.7.1",
      "resolved": "https://registry.npmjs.org/whatwg-url/-/whatwg-url-4.7.1.tgz",
      "integrity": "sha1-303C4/JaY7H6WzLtbWwTlXfWkN4=",
      "requires": {
        "tr46": "0.0.3",
        "webidl-conversions": "3.0.1"
      }
    }
  }
}
